
Microsoft Visual Studio Solution File, Format Version 12.00
# Visual Studio Version 16
VisualStudioVersion = 16.0.30804.86
MinimumVisualStudioVersion = 10.0.40219.1
Project("{FAE04EC0-301F-11D3-BF4B-00C04F79EFBC}") = "01-ByteBank", "01-ByteBank\01-ByteBank.csproj", "{BF342E5C-7863-4713-818C-2C52B7FABB9F}"
EndProject
Project("{FAE04EC0-301F-11D3-BF4B-00C04F79EFBC}") = "02-ByteBank", "02-ByteBank\02-ByteBank.csproj", "{CA5BB1B3-2283-465F-A48E-1DEF0D3E2CF8}"
EndProject
Project("{FAE04EC0-301F-11D3-BF4B-00C04F79EFBC}") = "03-ByteBank", "03-ByteBank\03-ByteBank.csproj", "{E8748CD7-929D-43AA-B357-0F9A58A13464}"
EndProject
Project("{FAE04EC0-301F-11D3-BF4B-00C04F79EFBC}") = "04-ByteBank", "04-ByteBank\04-ByteBank.csproj", "{7849C2FD-A0C6-4761-BA13-ED4B1BE8DE61}"
EndProject
Project("{FAE04EC0-301F-11D3-BF4B-00C04F79EFBC}") = "05-ByteBank", "05-ByteBank\05-ByteBank.csproj", "{CF9267A1-F585-435B-9254-D8A9E43AE63B}"
EndProject
Project("{2150E333-8FDC-42A3-9474-1A3956D46DE8}") = "Solution Items", "Solution Items", "{7EEEC925-6B8D-4800-825F-4371B98A1AA7}"
	ProjectSection(SolutionItems) = preProject
		Obersavações.txt = Obersavações.txt
	EndProjectSection
EndProject
Project("{FAE04EC0-301F-11D3-BF4B-00C04F79EFBC}") = "06-ByteBank", "06-ByteBank\06-ByteBank.csproj", "{B53FD661-137B-459F-8A54-EE589FCDB631}"
EndProject
Project("{FAE04EC0-301F-11D3-BF4B-00C04F79EFBC}") = "07-ByteBank", "07-ByteBank\07-ByteBank.csproj", "{D2DCC2F2-9563-4B8E-B3AB-95A7998FAD7A}"
EndProject
Project("{2150E333-8FDC-42A3-9474-1A3956D46DE8}") = "Parte_2", "Parte_2", "{8B129DF5-5898-412C-8F0D-53D02E6B540D}"
EndProject
Project("{2150E333-8FDC-42A3-9474-1A3956D46DE8}") = "Parte_3", "Parte_3", "{04F106D0-8CA4-4FF6-A504-017032EF5C65}"
EndProject
Project("{FAE04EC0-301F-11D3-BF4B-00C04F79EFBC}") = "ByteBank", "ByteBank\ByteBank.csproj", "{32DDE887-1780-4F14-9558-74277BED76F5}"
EndProject
Global
	GlobalSection(SolutionConfigurationPlatforms) = preSolution
		Debug|Any CPU = Debug|Any CPU
		Release|Any CPU = Release|Any CPU
	EndGlobalSection
	GlobalSection(ProjectConfigurationPlatforms) = postSolution
		{BF342E5C-7863-4713-818C-2C52B7FABB9F}.Debug|Any CPU.ActiveCfg = Debug|Any CPU
		{BF342E5C-7863-4713-818C-2C52B7FABB9F}.Debug|Any CPU.Build.0 = Debug|Any CPU
		{BF342E5C-7863-4713-818C-2C52B7FABB9F}.Release|Any CPU.ActiveCfg = Release|Any CPU
		{BF342E5C-7863-4713-818C-2C52B7FABB9F}.Release|Any CPU.Build.0 = Release|Any CPU
		{CA5BB1B3-2283-465F-A48E-1DEF0D3E2CF8}.Debug|Any CPU.ActiveCfg = Debug|Any CPU
		{CA5BB1B3-2283-465F-A48E-1DEF0D3E2CF8}.Debug|Any CPU.Build.0 = Debug|Any CPU
		{CA5BB1B3-2283-465F-A48E-1DEF0D3E2CF8}.Release|Any CPU.ActiveCfg = Release|Any CPU
		{CA5BB1B3-2283-465F-A48E-1DEF0D3E2CF8}.Release|Any CPU.Build.0 = Release|Any CPU
		{E8748CD7-929D-43AA-B357-0F9A58A13464}.Debug|Any CPU.ActiveCfg = Debug|Any CPU
		{E8748CD7-929D-43AA-B357-0F9A58A13464}.Debug|Any CPU.Build.0 = Debug|Any CPU
		{E8748CD7-929D-43AA-B357-0F9A58A13464}.Release|Any CPU.ActiveCfg = Release|Any CPU
		{E8748CD7-929D-43AA-B357-0F9A58A13464}.Release|Any CPU.Build.0 = Release|Any CPU
		{7849C2FD-A0C6-4761-BA13-ED4B1BE8DE61}.Debug|Any CPU.ActiveCfg = Debug|Any CPU
		{7849C2FD-A0C6-4761-BA13-ED4B1BE8DE61}.Debug|Any CPU.Build.0 = Debug|Any CPU
		{7849C2FD-A0C6-4761-BA13-ED4B1BE8DE61}.Release|Any CPU.ActiveCfg = Release|Any CPU
		{7849C2FD-A0C6-4761-BA13-ED4B1BE8DE61}.Release|Any CPU.Build.0 = Release|Any CPU
		{CF9267A1-F585-435B-9254-D8A9E43AE63B}.Debug|Any CPU.ActiveCfg = Debug|Any CPU
		{CF9267A1-F585-435B-9254-D8A9E43AE63B}.Debug|Any CPU.Build.0 = Debug|Any CPU
		{CF9267A1-F585-435B-9254-D8A9E43AE63B}.Release|Any CPU.ActiveCfg = Release|Any CPU
		{CF9267A1-F585-435B-9254-D8A9E43AE63B}.Release|Any CPU.Build.0 = Release|Any CPU
		{B53FD661-137B-459F-8A54-EE589FCDB631}.Debug|Any CPU.ActiveCfg = Debug|Any CPU
		{B53FD661-137B-459F-8A54-EE589FCDB631}.Debug|Any CPU.Build.0 = Debug|Any CPU
		{B53FD661-137B-459F-8A54-EE589FCDB631}.Release|Any CPU.ActiveCfg = Release|Any CPU
		{B53FD661-137B-459F-8A54-EE589FCDB631}.Release|Any CPU.Build.0 = Release|Any CPU
		{D2DCC2F2-9563-4B8E-B3AB-95A7998FAD7A}.Debug|Any CPU.ActiveCfg = Debug|Any CPU
		{D2DCC2F2-9563-4B8E-B3AB-95A7998FAD7A}.Debug|Any CPU.Build.0 = Debug|Any CPU
		{D2DCC2F2-9563-4B8E-B3AB-95A7998FAD7A}.Release|Any CPU.ActiveCfg = Release|Any CPU
		{D2DCC2F2-9563-4B8E-B3AB-95A7998FAD7A}.Release|Any CPU.Build.0 = Release|Any CPU
		{32DDE887-1780-4F14-9558-74277BED76F5}.Debug|Any CPU.ActiveCfg = Debug|Any CPU
		{32DDE887-1780-4F14-9558-74277BED76F5}.Debug|Any CPU.Build.0 = Debug|Any CPU
		{32DDE887-1780-4F14-9558-74277BED76F5}.Release|Any CPU.ActiveCfg = Release|Any CPU
		{32DDE887-1780-4F14-9558-74277BED76F5}.Release|Any CPU.Build.0 = Release|Any CPU
	EndGlobalSection
	GlobalSection(SolutionProperties) = preSolution
		HideSolutionNode = FALSE
	EndGlobalSection
	GlobalSection(NestedProjects) = preSolution
		{BF342E5C-7863-4713-818C-2C52B7FABB9F} = {8B129DF5-5898-412C-8F0D-53D02E6B540D}
		{CA5BB1B3-2283-465F-A48E-1DEF0D3E2CF8} = {8B129DF5-5898-412C-8F0D-53D02E6B540D}
		{E8748CD7-929D-43AA-B357-0F9A58A13464} = {8B129DF5-5898-412C-8F0D-53D02E6B540D}
		{7849C2FD-A0C6-4761-BA13-ED4B1BE8DE61} = {8B129DF5-5898-412C-8F0D-53D02E6B540D}
		{CF9267A1-F585-435B-9254-D8A9E43AE63B} = {8B129DF5-5898-412C-8F0D-53D02E6B540D}
		{B53FD661-137B-459F-8A54-EE589FCDB631} = {8B129DF5-5898-412C-8F0D-53D02E6B540D}
		{D2DCC2F2-9563-4B8E-B3AB-95A7998FAD7A} = {8B129DF5-5898-412C-8F0D-53D02E6B540D}
		{32DDE887-1780-4F14-9558-74277BED76F5} = {04F106D0-8CA4-4FF6-A504-017032EF5C65}
	EndGlobalSection
	GlobalSection(ExtensibilityGlobals) = postSolution
		SolutionGuid = {313F515C-3B1F-4798-ACAE-96C5F9366B61}
	EndGlobalSection
EndGlobal
